
Microsoft Visual Studio Solution File, Format Version 12.00
# Visual Studio Version 17
VisualStudioVersion = 17.1.32407.343
MinimumVisualStudioVersion = 10.0.40219.1
Project("{9A19103F-16F7-4668-BE54-9A1E7A4F7556}") = "TestApi", "TestApi\TestApi.csproj", "{7C83BFA5-055C-4F26-851F-7CAD544742CE}"
EndProject
Project("{FAE04EC0-301F-11D3-BF4B-00C04F79EFBC}") = "ReportProject", "ReportProject\ReportProject.csproj", "{98095C9F-4804-4B7A-8133-D0D203E0E465}"
EndProject
Global
	GlobalSection(SolutionConfigurationPlatforms) = preSolution
		Debug|Any CPU = Debug|Any CPU
		Release|Any CPU = Release|Any CPU
	EndGlobalSection
	GlobalSection(ProjectConfigurationPlatforms) = postSolution
		{7C83BFA5-055C-4F26-851F-7CAD544742CE}.Debug|Any CPU.ActiveCfg = Debug|Any CPU
		{7C83BFA5-055C-4F26-851F-7CAD544742CE}.Debug|Any CPU.Build.0 = Debug|Any CPU
		{7C83BFA5-055C-4F26-851F-7CAD544742CE}.Release|Any CPU.ActiveCfg = Release|Any CPU
		{7C83BFA5-055C-4F26-851F-7CAD544742CE}.Release|Any CPU.Build.0 = Release|Any CPU
		{98095C9F-4804-4B7A-8133-D0D203E0E465}.Debug|Any CPU.ActiveCfg = Debug|Any CPU
		{98095C9F-4804-4B7A-8133-D0D203E0E465}.Debug|Any CPU.Build.0 = Debug|Any CPU
		{98095C9F-4804-4B7A-8133-D0D203E0E465}.Release|Any CPU.ActiveCfg = Release|Any CPU
		{98095C9F-4804-4B7A-8133-D0D203E0E465}.Release|Any CPU.Build.0 = Release|Any CPU
	EndGlobalSection
	GlobalSection(SolutionProperties) = preSolution
		HideSolutionNode = FALSE
	EndGlobalSection
	GlobalSection(ExtensibilityGlobals) = postSolution
		SolutionGuid = {471452E5-3B68-47E8-86B5-50BA445FBFD3}
	EndGlobalSection
EndGlobal
